
Microsoft Visual Studio Solution File, Format Version 12.00
# Visual Studio Version 17
VisualStudioVersion = 17.8.34525.116
MinimumVisualStudioVersion = 10.0.40219.1
Project("{FAE04EC0-301F-11D3-BF4B-00C04F79EFBC}") = "PetHotelApp", "PetHotelApp\PetHotelApp.csproj", "{980395CD-CCB0-49B4-B885-FACC56003980}"
EndProject
Global
	GlobalSection(SolutionConfigurationPlatforms) = preSolution
		Debug|Any CPU = Debug|Any CPU
		Release|Any CPU = Release|Any CPU
	EndGlobalSection
	GlobalSection(ProjectConfigurationPlatforms) = postSolution
		{980395CD-CCB0-49B4-B885-FACC56003980}.Debug|Any CPU.ActiveCfg = Debug|Any CPU
		{980395CD-CCB0-49B4-B885-FACC56003980}.Debug|Any CPU.Build.0 = Debug|Any CPU
		{980395CD-CCB0-49B4-B885-FACC56003980}.Release|Any CPU.ActiveCfg = Release|Any CPU
		{980395CD-CCB0-49B4-B885-FACC56003980}.Release|Any CPU.Build.0 = Release|Any CPU
	EndGlobalSection
	GlobalSection(SolutionProperties) = preSolution
		HideSolutionNode = FALSE
	EndGlobalSection
	GlobalSection(ExtensibilityGlobals) = postSolution
		SolutionGuid = {FF383CE1-73C8-4F6A-B9A3-3E4B30D73789}
	EndGlobalSection
EndGlobal
